{"1.2.0",
[{<<"cf">>,{pkg,<<"cf">>,<<"0.3.1">>},2},
 {<<"erlware_commons">>,{pkg,<<"erlware_commons">>,<<"1.4.0">>},1},
 {<<"nitro_cache">>,
  {git,"git://github.com/nitrogen/nitro_cache",
       {ref,"8a82edf08b8fc5d2514281b1032dfa8cd1dd808b"}},
  0},
 {<<"nprocreg">>,
  {git,"git://github.com/nitrogen/nprocreg",
       {ref,"7b7ae7b8d12c728158a7649defffc006670132ac"}},
  0},
 {<<"qdate">>,
  {git,"git://github.com/choptastic/qdate",
       {ref,"69d7fdd626ea4983274e1d744ebae4c03a4095f1"}},
  0},
 {<<"qdate_localtime">>,{pkg,<<"qdate_localtime">>,<<"1.1.0">>},1},
 {<<"rekt">>,
  {git,"git://github.com/nitrogen/rekt",
       {ref,"96d49fcd3b9d03447a73ccb0bba28708d3271067"}},
  0},
 {<<"simple_bridge">>,
  {git,"git://github.com/nitrogen/simple_bridge",
       {ref,"b94dba61e3b6057cd04e461749b3a5c19944a74c"}},
  0},
 {<<"stacktrace_compat">>,
  {git,"git://github.com/g-andrade/stacktrace_compat",
       {ref,"fe6238499a216f6f94836be9ec0b3956ea5c6101"}},
  0}]}.
[
{pkg_hash,[
 {<<"cf">>, <<"5CB902239476E141EA70A740340233782D363A31EEA8AD37049561542E6CD641">>},
 {<<"erlware_commons">>, <<"F9EE38412E1413944BE78736DDB9BDB4C0664ABA5133563F4F3B359A8ED0AD52">>},
 {<<"qdate_localtime">>, <<"5F6C3ACF10ECC5A7E2EFA3DCD2C863102B962188DBD9E086EC01D29FE029DA29">>}]},
{pkg_hash_ext,[
 {<<"cf">>, <<"315E8D447D3A4B02BCDBFA397AD03BBB988A6E0AA6F44D3ADD0F4E3C3BF97672">>},
 {<<"erlware_commons">>, <<"185ECF5CF43BAB3A013DDB3614CE7BBA7F6C7A827904E64E57DA54FCDFDCE2E6">>},
 {<<"qdate_localtime">>, <<"91928E066DA6BCC745FF18B7C368347457CAF9250AD00950E9DA18E129D49EC5">>}]}
].
